
Microsoft Visual Studio Solution File, Format Version 10.00
# Visual Studio 2008
Project("{FAE04EC0-301F-11D3-BF4B-00C04F79EFBC}") = "DontBeLate", "DontBeLate\DontBeLate.csproj", "{2178CEC6-B091-4784-97D4-5213C9553DC8}"
EndProject
Global
	GlobalSection(SolutionConfigurationPlatforms) = preSolution
		Debug|Any CPU = Debug|Any CPU
		Release|Any CPU = Release|Any CPU
	EndGlobalSection
	GlobalSection(ProjectConfigurationPlatforms) = postSolution
		{2178CEC6-B091-4784-97D4-5213C9553DC8}.Debug|Any CPU.ActiveCfg = Debug|Any CPU
		{2178CEC6-B091-4784-97D4-5213C9553DC8}.Debug|Any CPU.Build.0 = Debug|Any CPU
		{2178CEC6-B091-4784-97D4-5213C9553DC8}.Release|Any CPU.ActiveCfg = Release|Any CPU
		{2178CEC6-B091-4784-97D4-5213C9553DC8}.Release|Any CPU.Build.0 = Release|Any CPU
	EndGlobalSection
	GlobalSection(SolutionProperties) = preSolution
		HideSolutionNode = FALSE
	EndGlobalSection
EndGlobal
